
Microsoft Visual Studio Solution File, Format Version 12.00
# Visual Studio Version 16
VisualStudioVersion = 16.0.31702.278
MinimumVisualStudioVersion = 10.0.40219.1
Project("{9A19103F-16F7-4668-BE54-9A1E7A4F7556}") = "Roguelike", "Roguelike.csproj", "{723C080F-8E2A-463F-B5C4-8C1F8ABA2CA8}"
EndProject
Project("{FAE04EC0-301F-11D3-BF4B-00C04F79EFBC}") = "ConsoleApp21", "..\..\..\ConsoleApp21\ConsoleApp21\ConsoleApp21.csproj", "{BF789C02-4BC2-47EC-8C11-3D85352CA046}"
EndProject
Global
	GlobalSection(SolutionConfigurationPlatforms) = preSolution
		Debug|Any CPU = Debug|Any CPU
		Release|Any CPU = Release|Any CPU
	EndGlobalSection
	GlobalSection(ProjectConfigurationPlatforms) = postSolution
		{723C080F-8E2A-463F-B5C4-8C1F8ABA2CA8}.Debug|Any CPU.ActiveCfg = Debug|Any CPU
		{723C080F-8E2A-463F-B5C4-8C1F8ABA2CA8}.Debug|Any CPU.Build.0 = Debug|Any CPU
		{723C080F-8E2A-463F-B5C4-8C1F8ABA2CA8}.Release|Any CPU.ActiveCfg = Release|Any CPU
		{723C080F-8E2A-463F-B5C4-8C1F8ABA2CA8}.Release|Any CPU.Build.0 = Release|Any CPU
		{BF789C02-4BC2-47EC-8C11-3D85352CA046}.Debug|Any CPU.ActiveCfg = Debug|Any CPU
		{BF789C02-4BC2-47EC-8C11-3D85352CA046}.Debug|Any CPU.Build.0 = Debug|Any CPU
		{BF789C02-4BC2-47EC-8C11-3D85352CA046}.Release|Any CPU.ActiveCfg = Release|Any CPU
		{BF789C02-4BC2-47EC-8C11-3D85352CA046}.Release|Any CPU.Build.0 = Release|Any CPU
	EndGlobalSection
	GlobalSection(SolutionProperties) = preSolution
		HideSolutionNode = FALSE
	EndGlobalSection
	GlobalSection(ExtensibilityGlobals) = postSolution
		SolutionGuid = {0BDA009E-0F9E-4F71-BDF3-8F167C01B28E}
	EndGlobalSection
EndGlobal
